
Microsoft Visual Studio Solution File, Format Version 12.00
# Visual Studio Version 17
VisualStudioVersion = 17.1.31911.260
MinimumVisualStudioVersion = 10.0.40219.1
Project("{9A19103F-16F7-4668-BE54-9A1E7A4F7556}") = "ProjectMakoto", "ProjectMakoto.csproj", "{A47FCB9F-FEA3-4810-9C77-4CC47DB5BD19}"
EndProject
Project("{2150E333-8FDC-42A3-9474-1A3956D46DE8}") = "Solution Items", "Solution Items", "{9696CEB9-0A15-4B42-A54E-63DB7F44D560}"
	ProjectSection(SolutionItems) = preProject
		.editorconfig = .editorconfig
		Bot.cs = Bot.cs
		Global.cs = Global.cs
		Entities\Resources.cs = Entities\Resources.cs
		Translations\strings.json = Translations\strings.json
		Entities\Translation\Translations.cs = Entities\Translation\Translations.cs
	EndProjectSection
EndProject
Project("{9A19103F-16F7-4668-BE54-9A1E7A4F7556}") = "Xorog.UniversalExtensions", "..\Dependencies\Xorog.UniversalExtensions\Xorog.UniversalExtensions.csproj", "{906F9C70-17B3-4B6D-AFFF-976338D641C4}"
EndProject
Project("{9A19103F-16F7-4668-BE54-9A1E7A4F7556}") = "QuickChart", "..\Dependencies\quickchart-csharp\QuickChart\QuickChart.csproj", "{953F15E3-C11E-43FD-AF41-459AC1537232}"
EndProject
Project("{9A19103F-16F7-4668-BE54-9A1E7A4F7556}") = "DisCatSharp", "..\Dependencies\DisCatSharp\DisCatSharp\DisCatSharp.csproj", "{8BD34631-4327-4533-8587-93E38D7A5DD9}"
EndProject
Project("{9A19103F-16F7-4668-BE54-9A1E7A4F7556}") = "DisCatSharp.ApplicationCommands", "..\Dependencies\DisCatSharp\DisCatSharp.ApplicationCommands\DisCatSharp.ApplicationCommands.csproj", "{5C28FAB1-DBAE-4A92-ABF0-13ED9727DD39}"
EndProject
Project("{9A19103F-16F7-4668-BE54-9A1E7A4F7556}") = "DisCatSharp.CommandsNext", "..\Dependencies\DisCatSharp\DisCatSharp.CommandsNext\DisCatSharp.CommandsNext.csproj", "{AC3138E2-3A59-4626-909D-332F67557188}"
EndProject
Project("{9A19103F-16F7-4668-BE54-9A1E7A4F7556}") = "DisCatSharp.Common", "..\Dependencies\DisCatSharp\DisCatSharp.Common\DisCatSharp.Common.csproj", "{15738D6B-E031-4ABB-8DFC-CFAD764410D2}"
EndProject
Project("{9A19103F-16F7-4668-BE54-9A1E7A4F7556}") = "DisCatSharp.Configuration", "..\Dependencies\DisCatSharp\DisCatSharp.Configuration\DisCatSharp.Configuration.csproj", "{CD84C9A5-98B9-4395-83E8-51228DB57BA6}"
EndProject
Project("{9A19103F-16F7-4668-BE54-9A1E7A4F7556}") = "DisCatSharp.Experimental", "..\Dependencies\DisCatSharp\DisCatSharp.Experimental\DisCatSharp.Experimental.csproj", "{1A4822DE-C986-4400-B1AB-FA40C8AACB14}"
EndProject
Project("{9A19103F-16F7-4668-BE54-9A1E7A4F7556}") = "DisCatSharp.Interactivity", "..\Dependencies\DisCatSharp\DisCatSharp.Interactivity\DisCatSharp.Interactivity.csproj", "{020C24D8-DCD7-4AA1-A74A-2296E7CE490F}"
EndProject
Project("{9A19103F-16F7-4668-BE54-9A1E7A4F7556}") = "DisCatSharp.Lavalink", "..\Dependencies\DisCatSharp\DisCatSharp.Lavalink\DisCatSharp.Lavalink.csproj", "{1A20F445-0CE7-4DA0-91EA-8F3AEF89C496}"
EndProject
Project("{9A19103F-16F7-4668-BE54-9A1E7A4F7556}") = "DisCatSharp.VoiceNext", "..\Dependencies\DisCatSharp\DisCatSharp.VoiceNext\DisCatSharp.VoiceNext.csproj", "{274E405C-AB90-4D5D-9AC6-3C7CF1819E60}"
EndProject
Project("{9A19103F-16F7-4668-BE54-9A1E7A4F7556}") = "DisCatSharp.VoiceNext.Natives", "..\Dependencies\DisCatSharp\DisCatSharp.VoiceNext.Natives\DisCatSharp.VoiceNext.Natives.csproj", "{370E7196-9D06-43D6-B267-F63F8C38C33F}"
EndProject
Global
	GlobalSection(SolutionConfigurationPlatforms) = preSolution
		Debug|Any CPU = Debug|Any CPU
		Debug|x64 = Debug|x64
		Release|Any CPU = Release|Any CPU
		Release|x64 = Release|x64
		x64|Any CPU = x64|Any CPU
		x64|x64 = x64|x64
	EndGlobalSection
	GlobalSection(ProjectConfigurationPlatforms) = postSolution
		{A47FCB9F-FEA3-4810-9C77-4CC47DB5BD19}.Debug|Any CPU.ActiveCfg = Debug|Any CPU
		{A47FCB9F-FEA3-4810-9C77-4CC47DB5BD19}.Debug|Any CPU.Build.0 = Debug|Any CPU
		{A47FCB9F-FEA3-4810-9C77-4CC47DB5BD19}.Debug|x64.ActiveCfg = Debug|x64
		{A47FCB9F-FEA3-4810-9C77-4CC47DB5BD19}.Debug|x64.Build.0 = Debug|x64
		{A47FCB9F-FEA3-4810-9C77-4CC47DB5BD19}.Release|Any CPU.ActiveCfg = Release|Any CPU
		{A47FCB9F-FEA3-4810-9C77-4CC47DB5BD19}.Release|Any CPU.Build.0 = Release|Any CPU
		{A47FCB9F-FEA3-4810-9C77-4CC47DB5BD19}.Release|x64.ActiveCfg = Release|x64
		{A47FCB9F-FEA3-4810-9C77-4CC47DB5BD19}.Release|x64.Build.0 = Release|x64
		{A47FCB9F-FEA3-4810-9C77-4CC47DB5BD19}.x64|Any CPU.ActiveCfg = x64|Any CPU
		{A47FCB9F-FEA3-4810-9C77-4CC47DB5BD19}.x64|Any CPU.Build.0 = x64|Any CPU
		{A47FCB9F-FEA3-4810-9C77-4CC47DB5BD19}.x64|x64.ActiveCfg = x64|x64
		{A47FCB9F-FEA3-4810-9C77-4CC47DB5BD19}.x64|x64.Build.0 = x64|x64
		{906F9C70-17B3-4B6D-AFFF-976338D641C4}.Debug|Any CPU.ActiveCfg = Debug|Any CPU
		{906F9C70-17B3-4B6D-AFFF-976338D641C4}.Debug|Any CPU.Build.0 = Debug|Any CPU
		{906F9C70-17B3-4B6D-AFFF-976338D641C4}.Debug|x64.ActiveCfg = Debug|x64
		{906F9C70-17B3-4B6D-AFFF-976338D641C4}.Debug|x64.Build.0 = Debug|x64
		{906F9C70-17B3-4B6D-AFFF-976338D641C4}.Release|Any CPU.ActiveCfg = Release|Any CPU
		{906F9C70-17B3-4B6D-AFFF-976338D641C4}.Release|Any CPU.Build.0 = Release|Any CPU
		{906F9C70-17B3-4B6D-AFFF-976338D641C4}.Release|x64.ActiveCfg = Release|x64
		{906F9C70-17B3-4B6D-AFFF-976338D641C4}.Release|x64.Build.0 = Release|x64
		{906F9C70-17B3-4B6D-AFFF-976338D641C4}.x64|Any CPU.ActiveCfg = x64|Any CPU
		{906F9C70-17B3-4B6D-AFFF-976338D641C4}.x64|Any CPU.Build.0 = x64|Any CPU
		{906F9C70-17B3-4B6D-AFFF-976338D641C4}.x64|x64.ActiveCfg = x64|x64
		{906F9C70-17B3-4B6D-AFFF-976338D641C4}.x64|x64.Build.0 = x64|x64
		{953F15E3-C11E-43FD-AF41-459AC1537232}.Debug|Any CPU.ActiveCfg = Debug|Any CPU
		{953F15E3-C11E-43FD-AF41-459AC1537232}.Debug|Any CPU.Build.0 = Debug|Any CPU
		{953F15E3-C11E-43FD-AF41-459AC1537232}.Debug|x64.ActiveCfg = Debug|x64
		{953F15E3-C11E-43FD-AF41-459AC1537232}.Debug|x64.Build.0 = Debug|x64
		{953F15E3-C11E-43FD-AF41-459AC1537232}.Release|Any CPU.ActiveCfg = Release|Any CPU
		{953F15E3-C11E-43FD-AF41-459AC1537232}.Release|Any CPU.Build.0 = Release|Any CPU
		{953F15E3-C11E-43FD-AF41-459AC1537232}.Release|x64.ActiveCfg = Release|x64
		{953F15E3-C11E-43FD-AF41-459AC1537232}.Release|x64.Build.0 = Release|x64
		{953F15E3-C11E-43FD-AF41-459AC1537232}.x64|Any CPU.ActiveCfg = x64|Any CPU
		{953F15E3-C11E-43FD-AF41-459AC1537232}.x64|Any CPU.Build.0 = x64|Any CPU
		{953F15E3-C11E-43FD-AF41-459AC1537232}.x64|x64.ActiveCfg = x64|x64
		{953F15E3-C11E-43FD-AF41-459AC1537232}.x64|x64.Build.0 = x64|x64
		{8BD34631-4327-4533-8587-93E38D7A5DD9}.Debug|Any CPU.ActiveCfg = Debug|Any CPU
		{8BD34631-4327-4533-8587-93E38D7A5DD9}.Debug|Any CPU.Build.0 = Debug|Any CPU
		{8BD34631-4327-4533-8587-93E38D7A5DD9}.Debug|x64.ActiveCfg = Debug|Any CPU
		{8BD34631-4327-4533-8587-93E38D7A5DD9}.Debug|x64.Build.0 = Debug|Any CPU
		{8BD34631-4327-4533-8587-93E38D7A5DD9}.Release|Any CPU.ActiveCfg = Release|Any CPU
		{8BD34631-4327-4533-8587-93E38D7A5DD9}.Release|Any CPU.Build.0 = Release|Any CPU
		{8BD34631-4327-4533-8587-93E38D7A5DD9}.Release|x64.ActiveCfg = Release|Any CPU
		{8BD34631-4327-4533-8587-93E38D7A5DD9}.Release|x64.Build.0 = Release|Any CPU
		{8BD34631-4327-4533-8587-93E38D7A5DD9}.x64|Any CPU.ActiveCfg = Debug|Any CPU
		{8BD34631-4327-4533-8587-93E38D7A5DD9}.x64|Any CPU.Build.0 = Debug|Any CPU
		{8BD34631-4327-4533-8587-93E38D7A5DD9}.x64|x64.ActiveCfg = Debug|Any CPU
		{8BD34631-4327-4533-8587-93E38D7A5DD9}.x64|x64.Build.0 = Debug|Any CPU
		{5C28FAB1-DBAE-4A92-ABF0-13ED9727DD39}.Debug|Any CPU.ActiveCfg = Debug|Any CPU
		{5C28FAB1-DBAE-4A92-ABF0-13ED9727DD39}.Debug|Any CPU.Build.0 = Debug|Any CPU
		{5C28FAB1-DBAE-4A92-ABF0-13ED9727DD39}.Debug|x64.ActiveCfg = Debug|Any CPU
		{5C28FAB1-DBAE-4A92-ABF0-13ED9727DD39}.Debug|x64.Build.0 = Debug|Any CPU
		{5C28FAB1-DBAE-4A92-ABF0-13ED9727DD39}.Release|Any CPU.ActiveCfg = Release|Any CPU
		{5C28FAB1-DBAE-4A92-ABF0-13ED9727DD39}.Release|Any CPU.Build.0 = Release|Any CPU
		{5C28FAB1-DBAE-4A92-ABF0-13ED9727DD39}.Release|x64.ActiveCfg = Release|Any CPU
		{5C28FAB1-DBAE-4A92-ABF0-13ED9727DD39}.Release|x64.Build.0 = Release|Any CPU
		{5C28FAB1-DBAE-4A92-ABF0-13ED9727DD39}.x64|Any CPU.ActiveCfg = Debug|Any CPU
		{5C28FAB1-DBAE-4A92-ABF0-13ED9727DD39}.x64|Any CPU.Build.0 = Debug|Any CPU
		{5C28FAB1-DBAE-4A92-ABF0-13ED9727DD39}.x64|x64.ActiveCfg = Debug|Any CPU
		{5C28FAB1-DBAE-4A92-ABF0-13ED9727DD39}.x64|x64.Build.0 = Debug|Any CPU
		{AC3138E2-3A59-4626-909D-332F67557188}.Debug|Any CPU.ActiveCfg = Debug|Any CPU
		{AC3138E2-3A59-4626-909D-332F67557188}.Debug|Any CPU.Build.0 = Debug|Any CPU
		{AC3138E2-3A59-4626-909D-332F67557188}.Debug|x64.ActiveCfg = Debug|Any CPU
		{AC3138E2-3A59-4626-909D-332F67557188}.Debug|x64.Build.0 = Debug|Any CPU
		{AC3138E2-3A59-4626-909D-332F67557188}.Release|Any CPU.ActiveCfg = Release|Any CPU
		{AC3138E2-3A59-4626-909D-332F67557188}.Release|Any CPU.Build.0 = Release|Any CPU
		{AC3138E2-3A59-4626-909D-332F67557188}.Release|x64.ActiveCfg = Release|Any CPU
		{AC3138E2-3A59-4626-909D-332F67557188}.Release|x64.Build.0 = Release|Any CPU
		{AC3138E2-3A59-4626-909D-332F67557188}.x64|Any CPU.ActiveCfg = Debug|Any CPU
		{AC3138E2-3A59-4626-909D-332F67557188}.x64|Any CPU.Build.0 = Debug|Any CPU
		{AC3138E2-3A59-4626-909D-332F67557188}.x64|x64.ActiveCfg = Debug|Any CPU
		{AC3138E2-3A59-4626-909D-332F67557188}.x64|x64.Build.0 = Debug|Any CPU
		{15738D6B-E031-4ABB-8DFC-CFAD764410D2}.Debug|Any CPU.ActiveCfg = Debug|Any CPU
		{15738D6B-E031-4ABB-8DFC-CFAD764410D2}.Debug|Any CPU.Build.0 = Debug|Any CPU
		{15738D6B-E031-4ABB-8DFC-CFAD764410D2}.Debug|x64.ActiveCfg = Debug|Any CPU
		{15738D6B-E031-4ABB-8DFC-CFAD764410D2}.Debug|x64.Build.0 = Debug|Any CPU
		{15738D6B-E031-4ABB-8DFC-CFAD764410D2}.Release|Any CPU.ActiveCfg = Release|Any CPU
		{15738D6B-E031-4ABB-8DFC-CFAD764410D2}.Release|Any CPU.Build.0 = Release|Any CPU
		{15738D6B-E031-4ABB-8DFC-CFAD764410D2}.Release|x64.ActiveCfg = Release|Any CPU
		{15738D6B-E031-4ABB-8DFC-CFAD764410D2}.Release|x64.Build.0 = Release|Any CPU
		{15738D6B-E031-4ABB-8DFC-CFAD764410D2}.x64|Any CPU.ActiveCfg = Debug|Any CPU
		{15738D6B-E031-4ABB-8DFC-CFAD764410D2}.x64|Any CPU.Build.0 = Debug|Any CPU
		{15738D6B-E031-4ABB-8DFC-CFAD764410D2}.x64|x64.ActiveCfg = Debug|Any CPU
		{15738D6B-E031-4ABB-8DFC-CFAD764410D2}.x64|x64.Build.0 = Debug|Any CPU
		{CD84C9A5-98B9-4395-83E8-51228DB57BA6}.Debug|Any CPU.ActiveCfg = Debug|Any CPU
		{CD84C9A5-98B9-4395-83E8-51228DB57BA6}.Debug|Any CPU.Build.0 = Debug|Any CPU
		{CD84C9A5-98B9-4395-83E8-51228DB57BA6}.Debug|x64.ActiveCfg = Debug|Any CPU
		{CD84C9A5-98B9-4395-83E8-51228DB57BA6}.Debug|x64.Build.0 = Debug|Any CPU
		{CD84C9A5-98B9-4395-83E8-51228DB57BA6}.Release|Any CPU.ActiveCfg = Release|Any CPU
		{CD84C9A5-98B9-4395-83E8-51228DB57BA6}.Release|Any CPU.Build.0 = Release|Any CPU
		{CD84C9A5-98B9-4395-83E8-51228DB57BA6}.Release|x64.ActiveCfg = Release|Any CPU
		{CD84C9A5-98B9-4395-83E8-51228DB57BA6}.Release|x64.Build.0 = Release|Any CPU
		{CD84C9A5-98B9-4395-83E8-51228DB57BA6}.x64|Any CPU.ActiveCfg = Debug|Any CPU
		{CD84C9A5-98B9-4395-83E8-51228DB57BA6}.x64|Any CPU.Build.0 = Debug|Any CPU
		{CD84C9A5-98B9-4395-83E8-51228DB57BA6}.x64|x64.ActiveCfg = Debug|Any CPU
		{CD84C9A5-98B9-4395-83E8-51228DB57BA6}.x64|x64.Build.0 = Debug|Any CPU
		{1A4822DE-C986-4400-B1AB-FA40C8AACB14}.Debug|Any CPU.ActiveCfg = Debug|Any CPU
		{1A4822DE-C986-4400-B1AB-FA40C8AACB14}.Debug|Any CPU.Build.0 = Debug|Any CPU
		{1A4822DE-C986-4400-B1AB-FA40C8AACB14}.Debug|x64.ActiveCfg = Debug|Any CPU
		{1A4822DE-C986-4400-B1AB-FA40C8AACB14}.Debug|x64.Build.0 = Debug|Any CPU
		{1A4822DE-C986-4400-B1AB-FA40C8AACB14}.Release|Any CPU.ActiveCfg = Release|Any CPU
		{1A4822DE-C986-4400-B1AB-FA40C8AACB14}.Release|Any CPU.Build.0 = Release|Any CPU
		{1A4822DE-C986-4400-B1AB-FA40C8AACB14}.Release|x64.ActiveCfg = Release|Any CPU
		{1A4822DE-C986-4400-B1AB-FA40C8AACB14}.Release|x64.Build.0 = Release|Any CPU
		{1A4822DE-C986-4400-B1AB-FA40C8AACB14}.x64|Any CPU.ActiveCfg = Debug|Any CPU
		{1A4822DE-C986-4400-B1AB-FA40C8AACB14}.x64|Any CPU.Build.0 = Debug|Any CPU
		{1A4822DE-C986-4400-B1AB-FA40C8AACB14}.x64|x64.ActiveCfg = Debug|Any CPU
		{1A4822DE-C986-4400-B1AB-FA40C8AACB14}.x64|x64.Build.0 = Debug|Any CPU
		{020C24D8-DCD7-4AA1-A74A-2296E7CE490F}.Debug|Any CPU.ActiveCfg = Debug|Any CPU
		{020C24D8-DCD7-4AA1-A74A-2296E7CE490F}.Debug|Any CPU.Build.0 = Debug|Any CPU
		{020C24D8-DCD7-4AA1-A74A-2296E7CE490F}.Debug|x64.ActiveCfg = Debug|Any CPU
		{020C24D8-DCD7-4AA1-A74A-2296E7CE490F}.Debug|x64.Build.0 = Debug|Any CPU
		{020C24D8-DCD7-4AA1-A74A-2296E7CE490F}.Release|Any CPU.ActiveCfg = Release|Any CPU
		{020C24D8-DCD7-4AA1-A74A-2296E7CE490F}.Release|Any CPU.Build.0 = Release|Any CPU
		{020C24D8-DCD7-4AA1-A74A-2296E7CE490F}.Release|x64.ActiveCfg = Release|Any CPU
		{020C24D8-DCD7-4AA1-A74A-2296E7CE490F}.Release|x64.Build.0 = Release|Any CPU
		{020C24D8-DCD7-4AA1-A74A-2296E7CE490F}.x64|Any CPU.ActiveCfg = Debug|Any CPU
		{020C24D8-DCD7-4AA1-A74A-2296E7CE490F}.x64|Any CPU.Build.0 = Debug|Any CPU
		{020C24D8-DCD7-4AA1-A74A-2296E7CE490F}.x64|x64.ActiveCfg = Debug|Any CPU
		{020C24D8-DCD7-4AA1-A74A-2296E7CE490F}.x64|x64.Build.0 = Debug|Any CPU
		{1A20F445-0CE7-4DA0-91EA-8F3AEF89C496}.Debug|Any CPU.ActiveCfg = Debug|Any CPU
		{1A20F445-0CE7-4DA0-91EA-8F3AEF89C496}.Debug|Any CPU.Build.0 = Debug|Any CPU
		{1A20F445-0CE7-4DA0-91EA-8F3AEF89C496}.Debug|x64.ActiveCfg = Debug|Any CPU
		{1A20F445-0CE7-4DA0-91EA-8F3AEF89C496}.Debug|x64.Build.0 = Debug|Any CPU
		{1A20F445-0CE7-4DA0-91EA-8F3AEF89C496}.Release|Any CPU.ActiveCfg = Release|Any CPU
		{1A20F445-0CE7-4DA0-91EA-8F3AEF89C496}.Release|Any CPU.Build.0 = Release|Any CPU
		{1A20F445-0CE7-4DA0-91EA-8F3AEF89C496}.Release|x64.ActiveCfg = Release|Any CPU
		{1A20F445-0CE7-4DA0-91EA-8F3AEF89C496}.Release|x64.Build.0 = Release|Any CPU
		{1A20F445-0CE7-4DA0-91EA-8F3AEF89C496}.x64|Any CPU.ActiveCfg = Debug|Any CPU
		{1A20F445-0CE7-4DA0-91EA-8F3AEF89C496}.x64|Any CPU.Build.0 = Debug|Any CPU
		{1A20F445-0CE7-4DA0-91EA-8F3AEF89C496}.x64|x64.ActiveCfg = Debug|Any CPU
		{1A20F445-0CE7-4DA0-91EA-8F3AEF89C496}.x64|x64.Build.0 = Debug|Any CPU
		{274E405C-AB90-4D5D-9AC6-3C7CF1819E60}.Debug|Any CPU.ActiveCfg = Debug|Any CPU
		{274E405C-AB90-4D5D-9AC6-3C7CF1819E60}.Debug|Any CPU.Build.0 = Debug|Any CPU
		{274E405C-AB90-4D5D-9AC6-3C7CF1819E60}.Debug|x64.ActiveCfg = Debug|Any CPU
		{274E405C-AB90-4D5D-9AC6-3C7CF1819E60}.Debug|x64.Build.0 = Debug|Any CPU
		{274E405C-AB90-4D5D-9AC6-3C7CF1819E60}.Release|Any CPU.ActiveCfg = Release|Any CPU
		{274E405C-AB90-4D5D-9AC6-3C7CF1819E60}.Release|Any CPU.Build.0 = Release|Any CPU
		{274E405C-AB90-4D5D-9AC6-3C7CF1819E60}.Release|x64.ActiveCfg = Release|Any CPU
		{274E405C-AB90-4D5D-9AC6-3C7CF1819E60}.Release|x64.Build.0 = Release|Any CPU
		{274E405C-AB90-4D5D-9AC6-3C7CF1819E60}.x64|Any CPU.ActiveCfg = Debug|Any CPU
		{274E405C-AB90-4D5D-9AC6-3C7CF1819E60}.x64|Any CPU.Build.0 = Debug|Any CPU
		{274E405C-AB90-4D5D-9AC6-3C7CF1819E60}.x64|x64.ActiveCfg = Debug|Any CPU
		{274E405C-AB90-4D5D-9AC6-3C7CF1819E60}.x64|x64.Build.0 = Debug|Any CPU
		{370E7196-9D06-43D6-B267-F63F8C38C33F}.Debug|Any CPU.ActiveCfg = Debug|Any CPU
		{370E7196-9D06-43D6-B267-F63F8C38C33F}.Debug|Any CPU.Build.0 = Debug|Any CPU
		{370E7196-9D06-43D6-B267-F63F8C38C33F}.Debug|x64.ActiveCfg = Debug|Any CPU
		{370E7196-9D06-43D6-B267-F63F8C38C33F}.Debug|x64.Build.0 = Debug|Any CPU
		{370E7196-9D06-43D6-B267-F63F8C38C33F}.Release|Any CPU.ActiveCfg = Release|Any CPU
		{370E7196-9D06-43D6-B267-F63F8C38C33F}.Release|Any CPU.Build.0 = Release|Any CPU
		{370E7196-9D06-43D6-B267-F63F8C38C33F}.Release|x64.ActiveCfg = Release|Any CPU
		{370E7196-9D06-43D6-B267-F63F8C38C33F}.Release|x64.Build.0 = Release|Any CPU
		{370E7196-9D06-43D6-B267-F63F8C38C33F}.x64|Any CPU.ActiveCfg = Debug|Any CPU
		{370E7196-9D06-43D6-B267-F63F8C38C33F}.x64|Any CPU.Build.0 = Debug|Any CPU
		{370E7196-9D06-43D6-B267-F63F8C38C33F}.x64|x64.ActiveCfg = Debug|Any CPU
		{370E7196-9D06-43D6-B267-F63F8C38C33F}.x64|x64.Build.0 = Debug|Any CPU
	EndGlobalSection
	GlobalSection(SolutionProperties) = preSolution
		HideSolutionNode = FALSE
	EndGlobalSection
	GlobalSection(ExtensibilityGlobals) = postSolution
		SolutionGuid = {9D40B445-17E3-40CB-832F-B5D09863CB8E}
	EndGlobalSection
EndGlobal
